
Microsoft Visual Studio Solution File, Format Version 12.00
# Visual Studio 14
VisualStudioVersion = 14.0.25420.1
MinimumVisualStudioVersion = 10.0.40219.1
Project("{FAE04EC0-301F-11D3-BF4B-00C04F79EFBC}") = "MethodPotentials", "MethodPotentials.csproj", "{308286D6-C38F-4A4F-B142-87F2E77BEB1F}"
EndProject
Project("{FAE04EC0-301F-11D3-BF4B-00C04F79EFBC}") = "MethodPotentials.Tests", "..\MethodPotentials.Tests\MethodPotentials.Tests.csproj", "{F2F7015C-2295-4505-8A7C-3D7A39FAE59B}"
EndProject
Project("{FAE04EC0-301F-11D3-BF4B-00C04F79EFBC}") = "Test", "..\Test\Test.csproj", "{233B569C-468D-4D25-A3EE-3CE98C8504B0}"
EndProject
Global
	GlobalSection(SolutionConfigurationPlatforms) = preSolution
		Debug|Any CPU = Debug|Any CPU
		Release|Any CPU = Release|Any CPU
	EndGlobalSection
	GlobalSection(ProjectConfigurationPlatforms) = postSolution
		{308286D6-C38F-4A4F-B142-87F2E77BEB1F}.Debug|Any CPU.ActiveCfg = Debug|Any CPU
		{308286D6-C38F-4A4F-B142-87F2E77BEB1F}.Debug|Any CPU.Build.0 = Debug|Any CPU
		{308286D6-C38F-4A4F-B142-87F2E77BEB1F}.Release|Any CPU.ActiveCfg = Release|Any CPU
		{308286D6-C38F-4A4F-B142-87F2E77BEB1F}.Release|Any CPU.Build.0 = Release|Any CPU
		{F2F7015C-2295-4505-8A7C-3D7A39FAE59B}.Debug|Any CPU.ActiveCfg = Debug|Any CPU
		{F2F7015C-2295-4505-8A7C-3D7A39FAE59B}.Debug|Any CPU.Build.0 = Debug|Any CPU
		{F2F7015C-2295-4505-8A7C-3D7A39FAE59B}.Release|Any CPU.ActiveCfg = Release|Any CPU
		{F2F7015C-2295-4505-8A7C-3D7A39FAE59B}.Release|Any CPU.Build.0 = Release|Any CPU
		{233B569C-468D-4D25-A3EE-3CE98C8504B0}.Debug|Any CPU.ActiveCfg = Debug|Any CPU
		{233B569C-468D-4D25-A3EE-3CE98C8504B0}.Debug|Any CPU.Build.0 = Debug|Any CPU
		{233B569C-468D-4D25-A3EE-3CE98C8504B0}.Release|Any CPU.ActiveCfg = Release|Any CPU
		{233B569C-468D-4D25-A3EE-3CE98C8504B0}.Release|Any CPU.Build.0 = Release|Any CPU
	EndGlobalSection
	GlobalSection(SolutionProperties) = preSolution
		HideSolutionNode = FALSE
	EndGlobalSection
EndGlobal
